// !$*UTF8*$!
{
	archiveVersion = 1;
	classes = {
	};
	objectVersion = 48;
	objects = {

/* Begin PBXBuildFile section */
		1E0E7EE31FA23D8B00841805 /* AppDelegate.swift in Sources */ = {isa = PBXBuildFile; fileRef = 1E0E7EE21FA23D8B00841805 /* AppDelegate.swift */; };
		1E0E7EE51FA23D8B00841805 /* AAViewController.swift in Sources */ = {isa = PBXBuildFile; fileRef = 1E0E7EE41FA23D8B00841805 /* AAViewController.swift */; };
		1E0E7EE81FA23D8B00841805 /* Main.storyboard in Resources */ = {isa = PBXBuildFile; fileRef = 1E0E7EE61FA23D8B00841805 /* Main.storyboard */; };
		1E0E7EEA1FA23D8B00841805 /* Assets.xcassets in Resources */ = {isa = PBXBuildFile; fileRef = 1E0E7EE91FA23D8B00841805 /* Assets.xcassets */; };
		1E0E7EED1FA23D8B00841805 /* LaunchScreen.storyboard in Resources */ = {isa = PBXBuildFile; fileRef = 1E0E7EEB1FA23D8B00841805 /* LaunchScreen.storyboard */; };
		1E0E7EF51FA2480C00841805 /* BBViewController.swift in Sources */ = {isa = PBXBuildFile; fileRef = 1E0E7EF41FA2480C00841805 /* BBViewController.swift */; };
		1E0E7EF71FA2483800841805 /* Animator.swift in Sources */ = {isa = PBXBuildFile; fileRef = 1E0E7EF61FA2483800841805 /* Animator.swift */; };
/* End PBXBuildFile section */

/* Begin PBXFileReference section */
		1E0E7EDF1FA23D8B00841805 /* TestAnimation.app */ = {isa = PBXFileReference; explicitFileType = wrapper.application; includeInIndex = 0; path = TestAnimation.app; sourceTree = BUILT_PRODUCTS_DIR; };
		1E0E7EE21FA23D8B00841805 /* AppDelegate.swift */ = {isa = PBXFileReference; lastKnownFileType = sourcecode.swift; path = AppDelegate.swift; sourceTree = "<group>"; };
		1E0E7EE41FA23D8B00841805 /* AAViewController.swift */ = {isa = PBXFileReference; lastKnownFileType = sourcecode.swift; path = AAViewController.swift; sourceTree = "<group>"; };
		1E0E7EE71FA23D8B00841805 /* Base */ = {isa = PBXFileReference; lastKnownFileType = file.storyboard; name = Base; path = Base.lproj/Main.storyboard; sourceTree = "<group>"; };
		1E0E7EE91FA23D8B00841805 /* Assets.xcassets */ = {isa = PBXFileReference; lastKnownFileType = folder.assetcatalog; path = Assets.xcassets; sourceTree = "<group>"; };
		1E0E7EEC1FA23D8B00841805 /* Base */ = {isa = PBXFileReference; lastKnownFileType = file.storyboard; name = Base; path = Base.lproj/LaunchScreen.storyboard; sourceTree = "<group>"; };
		1E0E7EEE1FA23D8B00841805 /* Info.plist */ = {isa = PBXFileReference; lastKnownFileType = text.plist.xml; path = Info.plist; sourceTree = "<group>"; };
		1E0E7EF41FA2480C00841805 /* BBViewController.swift */ = {isa = PBXFileReference; lastKnownFileType = sourcecode.swift; path = BBViewController.swift; sourceTree = "<group>"; };
		1E0E7EF61FA2483800841805 /* Animator.swift */ = {isa = PBXFileReference; lastKnownFileType = sourcecode.swift; path = Animator.swift; sourceTree = "<group>"; };
/* End PBXFileReference section */

/* Begin PBXFrameworksBuildPhase section */
		1E0E7EDC1FA23D8B00841805 /* Frameworks */ = {
			isa = PBXFrameworksBuildPhase;
			buildActionMask = 2147483647;
			files = (
			);
			runOnlyForDeploymentPostprocessing = 0;
		};
/* End PBXFrameworksBuildPhase section */

/* Begin PBXGroup section */
		1E0E7ED61FA23D8B00841805 = {
			isa = PBXGroup;
			children = (
				1E0E7EE11FA23D8B00841805 /* TestAnimation */,
				1E0E7EE01FA23D8B00841805 /* Products */,
			);
			sourceTree = "<group>";
		};
		1E0E7EE01FA23D8B00841805 /* Products */ = {
			isa = PBXGroup;
			children = (
				1E0E7EDF1FA23D8B00841805 /* TestAnimation.app */,
			);
			name = Products;
			sourceTree = "<group>";
		};
		1E0E7EE11FA23D8B00841805 /* TestAnimation */ = {
			isa = PBXGroup;
			children = (
				1E0E7EE21FA23D8B00841805 /* AppDelegate.swift */,
				1E0E7EE41FA23D8B00841805 /* AAViewController.swift */,
				1E0E7EF41FA2480C00841805 /* BBViewController.swift */,
				1E0E7EE61FA23D8B00841805 /* Main.storyboard */,
				1E0E7EE91FA23D8B00841805 /* Assets.xcassets */,
				1E0E7EEB1FA23D8B00841805 /* LaunchScreen.storyboard */,
				1E0E7EEE1FA23D8B00841805 /* Info.plist */,
				1E0E7EF61FA2483800841805 /* Animator.swift */,
			);
			path = TestAnimation;
			sourceTree = "<group>";
		};
/* End PBXGroup section */

/* Begin PBXNativeTarget section */
		1E0E7EDE1FA23D8B00841805 /* TestAnimation */ = {
			isa = PBXNativeTarget;
			buildConfigurationList = 1E0E7EF11FA23D8B00841805 /* Build configuration list for PBXNativeTarget "TestAnimation" */;
			buildPhases = (
				1E0E7EDB1FA23D8B00841805 /* Sources */,
				1E0E7EDC1FA23D8B00841805 /* Frameworks */,
				1E0E7EDD1FA23D8B00841805 /* Resources */,
			);
			buildRules = (
			);
			dependencies = (
			);
			name = TestAnimation;
			productName = TestAnimation;
			productReference = 1E0E7EDF1FA23D8B00841805 /* TestAnimation.app */;
			productType = "com.apple.product-type.application";
		};
/* End PBXNativeTarget section */

/* Begin PBXProject section */
		1E0E7ED71FA23D8B00841805 /* Project object */ = {
			isa = PBXProject;
			attributes = {
				LastSwiftUpdateCheck = 0900;
				LastUpgradeCheck = 0900;
				ORGANIZATIONNAME = xjk;
				TargetAttributes = {
					1E0E7EDE1FA23D8B00841805 = {
						CreatedOnToolsVersion = 9.0.1;
						ProvisioningStyle = Automatic;
					};
				};
			};
			buildConfigurationList = 1E0E7EDA1FA23D8B00841805 /* Build configuration list for PBXProject "TestAnimation" */;
			compatibilityVersion = "Xcode 8.0";
			developmentRegion = en;
			hasScannedForEncodings = 0;
			knownRegions = (
				en,
				Base,
			);
			mainGroup = 1E0E7ED61FA23D8B00841805;
			productRefGroup = 1E0E7EE01FA23D8B00841805 /* Products */;
			projectDirPath = "";
			projectRoot = "";
			targets = (
				1E0E7EDE1FA23D8B00841805 /* TestAnimation */,
			);
		};
/* End PBXProject section */

/* Begin PBXResourcesBuildPhase section */
		1E0E7EDD1FA23D8B00841805 /* Resources */ = {
			isa = PBXResourcesBuildPhase;
			buildActionMask = 2147483647;
			files = (
				1E0E7EED1FA23D8B00841805 /* LaunchScreen.storyboard in Resources */,
				1E0E7EEA1FA23D8B00841805 /* Assets.xcassets in Resources */,
				1E0E7EE81FA23D8B00841805 /* Main.storyboard in Resources */,
			);
			runOnlyForDeploymentPostprocessing = 0;
		};
/* End PBXResourcesBuildPhase section */

/* Begin PBXSourcesBuildPhase section */
		1E0E7EDB1FA23D8B00841805 /* Sources */ = {
			isa = PBXSourcesBuildPhase;
			buildActionMask = 2147483647;
			files = (
				1E0E7EF71FA2483800841805 /* Animator.swift in Sources */,
				1E0E7EF51FA2480C00841805 /* BBViewController.swift in Sources */,
				1E0E7EE51FA23D8B00841805 /* AAViewController.swift in Sources */,
				1E0E7EE31FA23D8B00841805 /* AppDelegate.swift in Sources */,
			);
			runOnlyForDeploymentPostprocessing = 0;
		};
/* End PBXSourcesBuildPhase section */

/* Begin PBXVariantGroup section */
		1E0E7EE61FA23D8B00841805 /* Main.storyboard */ = {
			isa = PBXVariantGroup;
			children = (
				1E0E7EE71FA23D8B00841805 /* Base */,
			);
			name = Main.storyboard;
			sourceTree = "<group>";
		};
		1E0E7EEB1FA23D8B00841805 /* LaunchScreen.storyboard */ = {
			isa = PBXVariantGroup;
			children = (
				1E0E7EEC1FA23D8B00841805 /* Base */,
			);
			name = LaunchScreen.storyboard;
			sourceTree = "<group>";
		};
/* End PBXVariantGroup section */

/* Begin XCBuildConfiguration section */
		1E0E7EEF1FA23D8B00841805 /* Debug */ = {
			isa = XCBuildConfiguration;
			buildSettings = {
				ALWAYS_SEARCH_USER_PATHS = NO;
				CLANG_ANALYZER_NONNULL = YES;
				CLANG_ANALYZER_NUMBER_OBJECT_CONVERSION = YES_AGGRESSIVE;
				CLANG_CXX_LANGUAGE_STANDARD = "gnu++14";
				CLANG_CXX_LIBRARY = "libc++";
				CLANG_ENABLE_MODULES = YES;
				CLANG_ENABLE_OBJC_ARC = YES;
				CLANG_WARN_BLOCK_CAPTURE_AUTORELEASING = YES;
				CLANG_WARN_BOOL_CONVERSION = YES;
				CLANG_WARN_COMMA = YES;
				CLANG_WARN_CONSTANT_CONVERSION = YES;
				CLANG_WARN_DIRECT_OBJC_ISA_USAGE = YES_ERROR;
				CLANG_WARN_DOCUMENTATION_COMMENTS = YES;
				CLANG_WARN_EMPTY_BODY = YES;
				CLANG_WARN_ENUM_CONVERSION = YES;
				CLANG_WARN_INFINITE_RECURSION = YES;
				CLANG_WARN_INT_CONVERSION = YES;
				CLANG_WARN_NON_LITERAL_NULL_CONVERSION = YES;
				CLANG_WARN_OBJC_LITERAL_CONVERSION = YES;
				CLANG_WARN_OBJC_ROOT_CLASS = YES_ERROR;
				CLANG_WARN_RANGE_LOOP_ANALYSIS = YES;
				CLANG_WARN_STRICT_PROTOTYPES = YES;
				CLANG_WARN_SUSPICIOUS_MOVE = YES;
				CLANG_WARN_UNGUARDED_AVAILABILITY = YES_AGGRESSIVE;
				CLANG_WARN_UNREACHABLE_CODE = YES;
				CLANG_WARN__DUPLICATE_METHOD_MATCH = YES;
				CODE_SIGN_IDENTITY = "iPhone Developer";
				COPY_PHASE_STRIP = NO;
				DEBUG_INFORMATION_FORMAT = dwarf;
				ENABLE_STRICT_OBJC_MSGSEND = YES;
				ENABLE_TESTABILITY = YES;
				GCC_C_LANGUAGE_STANDARD = gnu11;
				GCC_DYNAMIC_NO_PIC = NO;
				GCC_NO_COMMON_BLOCKS = YES;
				GCC_OPTIMIZATION_LEVEL = 0;
				GCC_PREPROCESSOR_DEFINITIONS = (
					"DEBUG=1",
					"$(inherited)",
				);
				GCC_WARN_64_TO_32_BIT_CONVERSION = YES;
				GCC_WARN_ABOUT_RETURN_TYPE = YES_ERROR;
				GCC_WARN_UNDECLARED_SELECTOR = YES;
				GCC_WARN_UNINITIALIZED_AUTOS = YES_AGGRESSIVE;
				GCC_WARN_UNUSED_FUNCTION = YES;
				GCC_WARN_UNUSED_VARIABLE = YES;
				IPHONEOS_DEPLOYMENT_TARGET = 11.0;
				MTL_ENABLE_DEBUG_INFO = YES;
				ONLY_ACTIVE_ARCH = YES;
				SDKROOT = iphoneos;
				SWIFT_ACTIVE_COMPILATION_CONDITIONS = DEBUG;
				SWIFT_OPTIMIZATION_LEVEL = "-Onone";
			};
			name = Debug;
		};
		1E0E7EF01FA23D8B00841805 /* Release */ = {
			isa = XCBuildConfiguration;
			buildSettings = {
				ALWAYS_SEARCH_USER_PATHS = NO;
				CLANG_ANALYZER_NONNULL = YES;
				CLANG_ANALYZER_NUMBER_OBJECT_CONVERSION = YES_AGGRESSIVE;
				CLANG_CXX_LANGUAGE_STANDARD = "gnu++14";
				CLANG_CXX_LIBRARY = "libc++";
				CLANG_ENABLE_MODULES = YES;
				CLANG_ENABLE_OBJC_ARC = YES;
				CLANG_WARN_BLOCK_CAPTURE_AUTORELEASING = YES;
				CLANG_WARN_BOOL_CONVERSION = YES;
				CLANG_WARN_COMMA = YES;
				CLANG_WARN_CONSTANT_CONVERSION = YES;
				CLANG_WARN_DIRECT_OBJC_ISA_USAGE = YES_ERROR;
				CLANG_WARN_DOCUMENTATION_COMMENTS = YES;
				CLANG_WARN_EMPTY_BODY = YES;
				CLANG_WARN_ENUM_CONVERSION = YES;
				CLANG_WARN_INFINITE_RECURSION = YES;
				CLANG_WARN_INT_CONVERSION = YES;
				CLANG_WARN_NON_LITERAL_NULL_CONVERSION = YES;
				CLANG_WARN_OBJC_LITERAL_CONVERSION = YES;
				CLANG_WARN_OBJC_ROOT_CLASS = YES_ERROR;
				CLANG_WARN_RANGE_LOOP_ANALYSIS = YES;
				CLANG_WARN_STRICT_PROTOTYPES = YES;
				CLANG_WARN_SUSPICIOUS_MOVE = YES;
				CLANG_WARN_UNGUARDED_AVAILABILITY = YES_AGGRESSIVE;
				CLANG_WARN_UNREACHABLE_CODE = YES;
				CLANG_WARN__DUPLICATE_METHOD_MATCH = YES;
				CODE_SIGN_IDENTITY = "iPhone Developer";
				COPY_PHASE_STRIP = NO;
				DEBUG_INFORMATION_FORMAT = "dwarf-with-dsym";
				ENABLE_NS_ASSERTIONS = NO;
				ENABLE_STRICT_OBJC_MSGSEND = YES;
				GCC_C_LANGUAGE_STANDARD = gnu11;
				GCC_NO_COMMON_BLOCKS = YES;
				GCC_WARN_64_TO_32_BIT_CONVERSION = YES;
				GCC_WARN_ABOUT_RETURN_TYPE = YES_ERROR;
				GCC_WARN_UNDECLARED_SELECTOR = YES;
				GCC_WARN_UNINITIALIZED_AUTOS = YES_AGGRESSIVE;
				GCC_WARN_UNUSED_FUNCTION = YES;
				GCC_WARN_UNUSED_VARIABLE = YES;
				IPHONEOS_DEPLOYMENT_TARGET = 11.0;
				MTL_ENABLE_DEBUG_INFO = NO;
				SDKROOT = iphoneos;
				SWIFT_OPTIMIZATION_LEVEL = "-Owholemodule";
				VALIDATE_PRODUCT = YES;
			};
			name = Release;
		};
		1E0E7EF21FA23D8B00841805 /* Debug */ = {
			isa = XCBuildConfiguration;
			buildSettings = {
				ASSETCATALOG_COMPILER_APPICON_NAME = AppIcon;
				CODE_SIGN_STYLE = Automatic;
				DEVELOPMENT_TEAM = 4SU58PA4HY;
				INFOPLIST_FILE = TestAnimation/Info.plist;
				IPHONEOS_DEPLOYMENT_TARGET = 9.0;
				LD_RUNPATH_SEARCH_PATHS = "$(inherited) @executable_path/Frameworks";
				PRODUCT_BUNDLE_IDENTIFIER = com.c.TestAnimation;
				PRODUCT_NAME = "$(TARGET_NAME)";
				SWIFT_VERSION = 4.0;
				TARGETED_DEVICE_FAMILY = "1,2";
			};
			name = Debug;
		};
		1E0E7EF31FA23D8B00841805 /* Release */ = {
			isa = XCBuildConfiguration;
			buildSettings = {
				ASSETCATALOG_COMPILER_APPICON_NAME = AppIcon;
				CODE_SIGN_STYLE = Automatic;
				DEVELOPMENT_TEAM = 4SU58PA4HY;
				INFOPLIST_FILE = TestAnimation/Info.plist;
				IPHONEOS_DEPLOYMENT_TARGET = 9.0;
				LD_RUNPATH_SEARCH_PATHS = "$(inherited) @executable_path/Frameworks";
				PRODUCT_BUNDLE_IDENTIFIER = com.c.TestAnimation;
				PRODUCT_NAME = "$(TARGET_NAME)";
				SWIFT_VERSION = 4.0;
				TARGETED_DEVICE_FAMILY = "1,2";
			};
			name = Release;
		};
/* End XCBuildConfiguration section */

/* Begin XCConfigurationList section */
		1E0E7EDA1FA23D8B00841805 /* Build configuration list for PBXProject "TestAnimation" */ = {
			isa = XCConfigurationList;
			buildConfigurations = (
				1E0E7EEF1FA23D8B00841805 /* Debug */,
				1E0E7EF01FA23D8B00841805 /* Release */,
			);
			defaultConfigurationIsVisible = 0;
			defaultConfigurationName = Release;
		};
		1E0E7EF11FA23D8B00841805 /* Build configuration list for PBXNativeTarget "TestAnimation" */ = {
			isa = XCConfigurationList;
			buildConfigurations = (
				1E0E7EF21FA23D8B00841805 /* Debug */,
				1E0E7EF31FA23D8B00841805 /* Release */,
			);
			defaultConfigurationIsVisible = 0;
			defaultConfigurationName = Release;
		};
/* End XCConfigurationList section */
	};
	rootObject = 1E0E7ED71FA23D8B00841805 /* Project object */;
}
